
Microsoft Visual Studio Solution File, Format Version 12.00
# Visual Studio 15
VisualStudioVersion = 15.0.27130.2010
MinimumVisualStudioVersion = 10.0.40219.1
Project("{8BC9CEB8-8B4A-11D0-8D11-00A0C91BC942}") = "SPECTrecon", "SPECTrecon.vcxproj", "{9E7DA833-F699-4A5D-8622-157A7ED19B7D}"
EndProject
Global
	GlobalSection(SolutionConfigurationPlatforms) = preSolution
		Debug|x64 = Debug|x64
		Debug|x86 = Debug|x86
		Release|x64 = Release|x64
		Release|x86 = Release|x86
	EndGlobalSection
	GlobalSection(ProjectConfigurationPlatforms) = postSolution
		{9E7DA833-F699-4A5D-8622-157A7ED19B7D}.Debug|x64.ActiveCfg = Debug|x64
		{9E7DA833-F699-4A5D-8622-157A7ED19B7D}.Debug|x64.Build.0 = Debug|x64
		{9E7DA833-F699-4A5D-8622-157A7ED19B7D}.Debug|x86.ActiveCfg = Debug|Win32
		{9E7DA833-F699-4A5D-8622-157A7ED19B7D}.Debug|x86.Build.0 = Debug|Win32
		{9E7DA833-F699-4A5D-8622-157A7ED19B7D}.Release|x64.ActiveCfg = Release|x64
		{9E7DA833-F699-4A5D-8622-157A7ED19B7D}.Release|x64.Build.0 = Release|x64
		{9E7DA833-F699-4A5D-8622-157A7ED19B7D}.Release|x86.ActiveCfg = Release|Win32
		{9E7DA833-F699-4A5D-8622-157A7ED19B7D}.Release|x86.Build.0 = Release|Win32
	EndGlobalSection
	GlobalSection(SolutionProperties) = preSolution
		HideSolutionNode = FALSE
	EndGlobalSection
	GlobalSection(ExtensibilityGlobals) = postSolution
		SolutionGuid = {90670B78-CB63-4C36-8F89-F70E23593CF4}
	EndGlobalSection
EndGlobal
